{
	"requires": true,
	"lockfileVersion": 1,
	"dependencies": {
		"detab": {
			"version": "2.0.1",
			"resolved": "https://registry.npmjs.org/detab/-/detab-2.0.1.tgz",
			"integrity": "sha512-/hhdqdQc5thGrqzjyO/pz76lDZ5GSuAs6goxOaKTsvPk7HNnzAyFN5lyHgqpX4/s1i66K8qMGj+VhA9504x7DQ==",
			"requires": {
				"repeat-string": "1.6.1"
			}
		},
		"fs-extra": {
			"version": "4.0.2",
			"resolved": "https://registry.npmjs.org/fs-extra/-/fs-extra-4.0.2.tgz",
			"integrity": "sha1-+RcExT0bRh+JNFKwwwfZmXZHq2s=",
			"requires": {
				"graceful-fs": "4.1.11",
				"jsonfile": "4.0.0",
				"universalify": "0.1.1"
			}
		},
		"graceful-fs": {
			"version": "4.1.11",
			"resolved": "https://registry.npmjs.org/graceful-fs/-/graceful-fs-4.1.11.tgz",
			"integrity": "sha1-Dovf5NHduIVNZOBOp8AOKgJuVlg="
		},
		"is-absolute": {
			"version": "1.0.0",
			"resolved": "https://registry.npmjs.org/is-absolute/-/is-absolute-1.0.0.tgz",
			"integrity": "sha512-dOWoqflvcydARa360Gvv18DZ/gRuHKi2NU/wU5X1ZFzdYfH29nkiNZsF3mp4OJ3H4yo9Mx8A/uAGNzpzPN3yBA==",
			"requires": {
				"is-relative": "1.0.0",
				"is-windows": "1.0.1"
			}
		},
		"is-relative": {
			"version": "1.0.0",
			"resolved": "https://registry.npmjs.org/is-relative/-/is-relative-1.0.0.tgz",
			"integrity": "sha512-Kw/ReK0iqwKeu0MITLFuj0jbPAmEiOsIwyIXvvbfa6QfmN9pkD1M+8pdk7Rl/dTKbH34/XBFMbgD4iMJhLQbGA==",
			"requires": {
				"is-unc-path": "1.0.0"
			}
		},
		"is-unc-path": {
			"version": "1.0.0",
			"resolved": "https://registry.npmjs.org/is-unc-path/-/is-unc-path-1.0.0.tgz",
			"integrity": "sha512-mrGpVd0fs7WWLfVsStvgF6iEJnbjDFZh9/emhRDcGWTduTfNHd9CHeUwH3gYIjdbwo4On6hunkztwOaAw0yllQ==",
			"requires": {
				"unc-path-regex": "0.1.2"
			}
		},
		"is-windows": {
			"version": "1.0.1",
			"resolved": "https://registry.npmjs.org/is-windows/-/is-windows-1.0.1.tgz",
			"integrity": "sha1-MQ23D3QtJZoWo2kgK1GvhCMzENk="
		},
		"jsonfile": {
			"version": "4.0.0",
			"resolved": "https://registry.npmjs.org/jsonfile/-/jsonfile-4.0.0.tgz",
			"integrity": "sha1-h3Gq4HmbZAdrdmQPygWPnBDjPss=",
			"requires": {
				"graceful-fs": "4.1.11"
			}
		},
		"markup-js": {
			"version": "1.5.21",
			"resolved": "https://registry.npmjs.org/markup-js/-/markup-js-1.5.21.tgz",
			"integrity": "sha1-OJEocDpWWWRXTQ41fhQq3TvkbXk="
		},
		"repeat-string": {
			"version": "1.6.1",
			"resolved": "https://registry.npmjs.org/repeat-string/-/repeat-string-1.6.1.tgz",
			"integrity": "sha1-jcrkcOHIirwtYA//Sndihtp15jc="
		},
		"supersniff": {
			"version": "1.1.0",
			"resolved": "https://registry.npmjs.org/supersniff/-/supersniff-1.1.0.tgz",
			"integrity": "sha512-atRfIkJorSwUeHSeUpZWI1F/CraiR2WrWNClG6kVIWZAmoP3XPUNh10HF/+Y5w2t+2nV7qJ1pPndEhTZRqg4zw=="
		},
		"unc-path-regex": {
			"version": "0.1.2",
			"resolved": "https://registry.npmjs.org/unc-path-regex/-/unc-path-regex-0.1.2.tgz",
			"integrity": "sha1-5z3T17DXxe2G+6xrCufYxqadUPo="
		},
		"universalify": {
			"version": "0.1.1",
			"resolved": "https://registry.npmjs.org/universalify/-/universalify-0.1.1.tgz",
			"integrity": "sha1-+nG63UQ3r0wUiEHjs7Fl+enlkLc="
		}
	}
}
